
Microsoft Visual Studio Solution File, Format Version 12.00
# Visual Studio 14
VisualStudioVersion = 14.0.24720.0
MinimumVisualStudioVersion = 10.0.40219.1
Project("{FAE04EC0-301F-11D3-BF4B-00C04F79EFBC}") = "Shape", "Shape\Shape.csproj", "{8A5E4276-754B-4FE6-A13B-AF6AA6F51AAB}"
EndProject
Project("{FAE04EC0-301F-11D3-BF4B-00C04F79EFBC}") = "ShapeXface", "ShapeXface\ShapeXface.csproj", "{038CF05D-BBD5-4940-A296-8D2D37F53855}"
EndProject
Global
	GlobalSection(SolutionConfigurationPlatforms) = preSolution
		Debug|Any CPU = Debug|Any CPU
		Release|Any CPU = Release|Any CPU
	EndGlobalSection
	GlobalSection(ProjectConfigurationPlatforms) = postSolution
		{8A5E4276-754B-4FE6-A13B-AF6AA6F51AAB}.Debug|Any CPU.ActiveCfg = Debug|Any CPU
		{8A5E4276-754B-4FE6-A13B-AF6AA6F51AAB}.Debug|Any CPU.Build.0 = Debug|Any CPU
		{8A5E4276-754B-4FE6-A13B-AF6AA6F51AAB}.Release|Any CPU.ActiveCfg = Release|Any CPU
		{8A5E4276-754B-4FE6-A13B-AF6AA6F51AAB}.Release|Any CPU.Build.0 = Release|Any CPU
		{038CF05D-BBD5-4940-A296-8D2D37F53855}.Debug|Any CPU.ActiveCfg = Debug|Any CPU
		{038CF05D-BBD5-4940-A296-8D2D37F53855}.Debug|Any CPU.Build.0 = Debug|Any CPU
		{038CF05D-BBD5-4940-A296-8D2D37F53855}.Release|Any CPU.ActiveCfg = Release|Any CPU
		{038CF05D-BBD5-4940-A296-8D2D37F53855}.Release|Any CPU.Build.0 = Release|Any CPU
	EndGlobalSection
	GlobalSection(SolutionProperties) = preSolution
		HideSolutionNode = FALSE
	EndGlobalSection
EndGlobal
