
Microsoft Visual Studio Solution File, Format Version 11.00
# Visual Studio 2010
Project("{FAE04EC0-301F-11D3-BF4B-00C04F79EFBC}") = "OopGrader", "OopGrader.csproj", "{C9DA3F95-BD38-4B26-9819-5FB4137C59AD}"
EndProject
Project("{FAE04EC0-301F-11D3-BF4B-00C04F79EFBC}") = "Project4", "..\P4\Project4.csproj", "{FCCD1D15-0BC5-4BA9-8E0A-38BE8156541B}"
EndProject
Project("{FAE04EC0-301F-11D3-BF4B-00C04F79EFBC}") = "OopProjectGrader", "..\OopProjectGrader\OopProjectGrader.csproj", "{171C6F67-8900-4A3C-8F89-93B609A4EEFF}"
EndProject
Global
	GlobalSection(SolutionConfigurationPlatforms) = preSolution
		Debug|Any CPU = Debug|Any CPU
		Debug|Mixed Platforms = Debug|Mixed Platforms
		Debug|x86 = Debug|x86
		Release|Any CPU = Release|Any CPU
		Release|Mixed Platforms = Release|Mixed Platforms
		Release|x86 = Release|x86
	EndGlobalSection
	GlobalSection(ProjectConfigurationPlatforms) = postSolution
		{C9DA3F95-BD38-4B26-9819-5FB4137C59AD}.Debug|Any CPU.ActiveCfg = Debug|x86
		{C9DA3F95-BD38-4B26-9819-5FB4137C59AD}.Debug|Mixed Platforms.ActiveCfg = Debug|x86
		{C9DA3F95-BD38-4B26-9819-5FB4137C59AD}.Debug|Mixed Platforms.Build.0 = Debug|x86
		{C9DA3F95-BD38-4B26-9819-5FB4137C59AD}.Debug|x86.ActiveCfg = Debug|x86
		{C9DA3F95-BD38-4B26-9819-5FB4137C59AD}.Debug|x86.Build.0 = Debug|x86
		{C9DA3F95-BD38-4B26-9819-5FB4137C59AD}.Release|Any CPU.ActiveCfg = Release|x86
		{C9DA3F95-BD38-4B26-9819-5FB4137C59AD}.Release|Mixed Platforms.ActiveCfg = Release|x86
		{C9DA3F95-BD38-4B26-9819-5FB4137C59AD}.Release|Mixed Platforms.Build.0 = Release|x86
		{C9DA3F95-BD38-4B26-9819-5FB4137C59AD}.Release|x86.ActiveCfg = Release|x86
		{C9DA3F95-BD38-4B26-9819-5FB4137C59AD}.Release|x86.Build.0 = Release|x86
		{FCCD1D15-0BC5-4BA9-8E0A-38BE8156541B}.Debug|Any CPU.ActiveCfg = Debug|Any CPU
		{FCCD1D15-0BC5-4BA9-8E0A-38BE8156541B}.Debug|Any CPU.Build.0 = Debug|Any CPU
		{FCCD1D15-0BC5-4BA9-8E0A-38BE8156541B}.Debug|Mixed Platforms.ActiveCfg = Debug|Any CPU
		{FCCD1D15-0BC5-4BA9-8E0A-38BE8156541B}.Debug|Mixed Platforms.Build.0 = Debug|Any CPU
		{FCCD1D15-0BC5-4BA9-8E0A-38BE8156541B}.Debug|x86.ActiveCfg = Debug|Any CPU
		{FCCD1D15-0BC5-4BA9-8E0A-38BE8156541B}.Release|Any CPU.ActiveCfg = Release|Any CPU
		{FCCD1D15-0BC5-4BA9-8E0A-38BE8156541B}.Release|Any CPU.Build.0 = Release|Any CPU
		{FCCD1D15-0BC5-4BA9-8E0A-38BE8156541B}.Release|Mixed Platforms.ActiveCfg = Release|Any CPU
		{FCCD1D15-0BC5-4BA9-8E0A-38BE8156541B}.Release|Mixed Platforms.Build.0 = Release|Any CPU
		{FCCD1D15-0BC5-4BA9-8E0A-38BE8156541B}.Release|x86.ActiveCfg = Release|Any CPU
		{171C6F67-8900-4A3C-8F89-93B609A4EEFF}.Debug|Any CPU.ActiveCfg = Debug|Any CPU
		{171C6F67-8900-4A3C-8F89-93B609A4EEFF}.Debug|Any CPU.Build.0 = Debug|Any CPU
		{171C6F67-8900-4A3C-8F89-93B609A4EEFF}.Debug|Mixed Platforms.ActiveCfg = Debug|Any CPU
		{171C6F67-8900-4A3C-8F89-93B609A4EEFF}.Debug|Mixed Platforms.Build.0 = Debug|Any CPU
		{171C6F67-8900-4A3C-8F89-93B609A4EEFF}.Debug|x86.ActiveCfg = Debug|Any CPU
		{171C6F67-8900-4A3C-8F89-93B609A4EEFF}.Release|Any CPU.ActiveCfg = Release|Any CPU
		{171C6F67-8900-4A3C-8F89-93B609A4EEFF}.Release|Any CPU.Build.0 = Release|Any CPU
		{171C6F67-8900-4A3C-8F89-93B609A4EEFF}.Release|Mixed Platforms.ActiveCfg = Release|Any CPU
		{171C6F67-8900-4A3C-8F89-93B609A4EEFF}.Release|Mixed Platforms.Build.0 = Release|Any CPU
		{171C6F67-8900-4A3C-8F89-93B609A4EEFF}.Release|x86.ActiveCfg = Release|Any CPU
	EndGlobalSection
	GlobalSection(SolutionProperties) = preSolution
		HideSolutionNode = FALSE
	EndGlobalSection
EndGlobal
